
Microsoft Visual Studio Solution File, Format Version 12.00
# Visual Studio Version 17
VisualStudioVersion = 17.10.35122.118
MinimumVisualStudioVersion = 10.0.40219.1
Project("{FAE04EC0-301F-11D3-BF4B-00C04F79EFBC}") = "EjemploClases", "EjemploClases\EjemploClases.csproj", "{BFDA5977-C595-44AA-94DD-1A19F148E0DA}"
EndProject
Global
	GlobalSection(SolutionConfigurationPlatforms) = preSolution
		Debug|Any CPU = Debug|Any CPU
		Release|Any CPU = Release|Any CPU
	EndGlobalSection
	GlobalSection(ProjectConfigurationPlatforms) = postSolution
		{BFDA5977-C595-44AA-94DD-1A19F148E0DA}.Debug|Any CPU.ActiveCfg = Debug|Any CPU
		{BFDA5977-C595-44AA-94DD-1A19F148E0DA}.Debug|Any CPU.Build.0 = Debug|Any CPU
		{BFDA5977-C595-44AA-94DD-1A19F148E0DA}.Release|Any CPU.ActiveCfg = Release|Any CPU
		{BFDA5977-C595-44AA-94DD-1A19F148E0DA}.Release|Any CPU.Build.0 = Release|Any CPU
	EndGlobalSection
	GlobalSection(SolutionProperties) = preSolution
		HideSolutionNode = FALSE
	EndGlobalSection
	GlobalSection(ExtensibilityGlobals) = postSolution
		SolutionGuid = {D73D9EF1-4CF5-43B1-9296-17FBB18CE98B}
	EndGlobalSection
EndGlobal
