
Microsoft Visual Studio Solution File, Format Version 12.00
# Visual Studio Version 17
VisualStudioVersion = 17.14.36310.24 d17.14
MinimumVisualStudioVersion = 10.0.40219.1
Project("{FAE04EC0-301F-11D3-BF4B-00C04F79EFBC}") = "EjercicioPractica2Funcional", "EjercicioPractica2Funcional\EjercicioPractica2Funcional.csproj", "{A65CA2AF-9D15-4CD0-87C1-1EBF9AEFB48A}"
EndProject
Global
	GlobalSection(SolutionConfigurationPlatforms) = preSolution
		Debug|Any CPU = Debug|Any CPU
		Release|Any CPU = Release|Any CPU
	EndGlobalSection
	GlobalSection(ProjectConfigurationPlatforms) = postSolution
		{A65CA2AF-9D15-4CD0-87C1-1EBF9AEFB48A}.Debug|Any CPU.ActiveCfg = Debug|Any CPU
		{A65CA2AF-9D15-4CD0-87C1-1EBF9AEFB48A}.Debug|Any CPU.Build.0 = Debug|Any CPU
		{A65CA2AF-9D15-4CD0-87C1-1EBF9AEFB48A}.Release|Any CPU.ActiveCfg = Release|Any CPU
		{A65CA2AF-9D15-4CD0-87C1-1EBF9AEFB48A}.Release|Any CPU.Build.0 = Release|Any CPU
	EndGlobalSection
	GlobalSection(SolutionProperties) = preSolution
		HideSolutionNode = FALSE
	EndGlobalSection
	GlobalSection(ExtensibilityGlobals) = postSolution
		SolutionGuid = {F3706075-2FB0-4FBB-A3C1-6C16BC5E668D}
	EndGlobalSection
EndGlobal
